
Microsoft Visual Studio Solution File, Format Version 12.00
# Visual Studio Version 16
VisualStudioVersion = 16.0.30717.126
MinimumVisualStudioVersion = 10.0.40219.1
Project("{FAE04EC0-301F-11D3-BF4B-00C04F79EFBC}") = "WindowsFormsApp14", "WindowsFormsApp14\WindowsFormsApp14.csproj", "{73E37D0A-1B78-4F6A-9B59-A4A041A35373}"
EndProject
Global
	GlobalSection(SolutionConfigurationPlatforms) = preSolution
		Debug|Any CPU = Debug|Any CPU
		Release|Any CPU = Release|Any CPU
	EndGlobalSection
	GlobalSection(ProjectConfigurationPlatforms) = postSolution
		{73E37D0A-1B78-4F6A-9B59-A4A041A35373}.Debug|Any CPU.ActiveCfg = Debug|Any CPU
		{73E37D0A-1B78-4F6A-9B59-A4A041A35373}.Debug|Any CPU.Build.0 = Debug|Any CPU
		{73E37D0A-1B78-4F6A-9B59-A4A041A35373}.Release|Any CPU.ActiveCfg = Release|Any CPU
		{73E37D0A-1B78-4F6A-9B59-A4A041A35373}.Release|Any CPU.Build.0 = Release|Any CPU
	EndGlobalSection
	GlobalSection(SolutionProperties) = preSolution
		HideSolutionNode = FALSE
	EndGlobalSection
	GlobalSection(ExtensibilityGlobals) = postSolution
		SolutionGuid = {0C9D3BDB-F920-451B-89B0-CE4E0378B67B}
	EndGlobalSection
EndGlobal
